
Microsoft Visual Studio Solution File, Format Version 11.00
# Visual Studio 2010
Project("{FAE04EC0-301F-11D3-BF4B-00C04F79EFBC}") = "ProgramManager.Client", "ProgramManager.Client\ProgramManager.Client.csproj", "{E38736E5-FD04-40AF-93C3-32E8EE1EC9FC}"
EndProject
Project("{FAE04EC0-301F-11D3-BF4B-00C04F79EFBC}") = "ProgramManager.CoreObjects", "ProgramManager.CoreObjects\ProgramManager.CoreObjects.csproj", "{FB74FF1B-DB57-44C8-9797-E8C4BDBC1B29}"
EndProject
Project("{FAE04EC0-301F-11D3-BF4B-00C04F79EFBC}") = "ProgramManager.Service", "ProgramManager.Service\ProgramManager.Service.csproj", "{E88FF8E2-5EE4-4945-A489-AD9AAEB49DEE}"
EndProject
Global
	GlobalSection(SolutionConfigurationPlatforms) = preSolution
		Debug|Any CPU = Debug|Any CPU
		Debug|Mixed Platforms = Debug|Mixed Platforms
		Debug|x86 = Debug|x86
		Release|Any CPU = Release|Any CPU
		Release|Mixed Platforms = Release|Mixed Platforms
		Release|x86 = Release|x86
	EndGlobalSection
	GlobalSection(ProjectConfigurationPlatforms) = postSolution
		{E38736E5-FD04-40AF-93C3-32E8EE1EC9FC}.Debug|Any CPU.ActiveCfg = Debug|x86
		{E38736E5-FD04-40AF-93C3-32E8EE1EC9FC}.Debug|Mixed Platforms.ActiveCfg = Debug|x86
		{E38736E5-FD04-40AF-93C3-32E8EE1EC9FC}.Debug|Mixed Platforms.Build.0 = Debug|x86
		{E38736E5-FD04-40AF-93C3-32E8EE1EC9FC}.Debug|x86.ActiveCfg = Debug|x86
		{E38736E5-FD04-40AF-93C3-32E8EE1EC9FC}.Debug|x86.Build.0 = Debug|x86
		{E38736E5-FD04-40AF-93C3-32E8EE1EC9FC}.Release|Any CPU.ActiveCfg = Release|x86
		{E38736E5-FD04-40AF-93C3-32E8EE1EC9FC}.Release|Mixed Platforms.ActiveCfg = Release|x86
		{E38736E5-FD04-40AF-93C3-32E8EE1EC9FC}.Release|Mixed Platforms.Build.0 = Release|x86
		{E38736E5-FD04-40AF-93C3-32E8EE1EC9FC}.Release|x86.ActiveCfg = Release|x86
		{E38736E5-FD04-40AF-93C3-32E8EE1EC9FC}.Release|x86.Build.0 = Release|x86
		{FB74FF1B-DB57-44C8-9797-E8C4BDBC1B29}.Debug|Any CPU.ActiveCfg = Debug|Any CPU
		{FB74FF1B-DB57-44C8-9797-E8C4BDBC1B29}.Debug|Any CPU.Build.0 = Debug|Any CPU
		{FB74FF1B-DB57-44C8-9797-E8C4BDBC1B29}.Debug|Mixed Platforms.ActiveCfg = Debug|Any CPU
		{FB74FF1B-DB57-44C8-9797-E8C4BDBC1B29}.Debug|Mixed Platforms.Build.0 = Debug|Any CPU
		{FB74FF1B-DB57-44C8-9797-E8C4BDBC1B29}.Debug|x86.ActiveCfg = Debug|Any CPU
		{FB74FF1B-DB57-44C8-9797-E8C4BDBC1B29}.Release|Any CPU.ActiveCfg = Release|Any CPU
		{FB74FF1B-DB57-44C8-9797-E8C4BDBC1B29}.Release|Any CPU.Build.0 = Release|Any CPU
		{FB74FF1B-DB57-44C8-9797-E8C4BDBC1B29}.Release|Mixed Platforms.ActiveCfg = Release|Any CPU
		{FB74FF1B-DB57-44C8-9797-E8C4BDBC1B29}.Release|Mixed Platforms.Build.0 = Release|Any CPU
		{FB74FF1B-DB57-44C8-9797-E8C4BDBC1B29}.Release|x86.ActiveCfg = Release|Any CPU
		{E88FF8E2-5EE4-4945-A489-AD9AAEB49DEE}.Debug|Any CPU.ActiveCfg = Debug|Any CPU
		{E88FF8E2-5EE4-4945-A489-AD9AAEB49DEE}.Debug|Any CPU.Build.0 = Debug|Any CPU
		{E88FF8E2-5EE4-4945-A489-AD9AAEB49DEE}.Debug|Mixed Platforms.ActiveCfg = Debug|Any CPU
		{E88FF8E2-5EE4-4945-A489-AD9AAEB49DEE}.Debug|Mixed Platforms.Build.0 = Debug|Any CPU
		{E88FF8E2-5EE4-4945-A489-AD9AAEB49DEE}.Debug|x86.ActiveCfg = Debug|Any CPU
		{E88FF8E2-5EE4-4945-A489-AD9AAEB49DEE}.Release|Any CPU.ActiveCfg = Release|Any CPU
		{E88FF8E2-5EE4-4945-A489-AD9AAEB49DEE}.Release|Any CPU.Build.0 = Release|Any CPU
		{E88FF8E2-5EE4-4945-A489-AD9AAEB49DEE}.Release|Mixed Platforms.ActiveCfg = Release|Any CPU
		{E88FF8E2-5EE4-4945-A489-AD9AAEB49DEE}.Release|Mixed Platforms.Build.0 = Release|Any CPU
		{E88FF8E2-5EE4-4945-A489-AD9AAEB49DEE}.Release|x86.ActiveCfg = Release|Any CPU
	EndGlobalSection
	GlobalSection(SolutionProperties) = preSolution
		HideSolutionNode = FALSE
	EndGlobalSection
EndGlobal
